// !$*UTF8*$!
{
	archiveVersion = 1;
	classes = {
	};
	objectVersion = 46;
	objects = {

/* Begin PBXBuildFile section */
		6F8FE0D11CDB3F250095BB18 /* main.m in Sources */ = {isa = PBXBuildFile; fileRef = 6F8FE0D01CDB3F250095BB18 /* main.m */; };
		6F8FE0D41CDB3F250095BB18 /* AppDelegate.m in Sources */ = {isa = PBXBuildFile; fileRef = 6F8FE0D31CDB3F250095BB18 /* AppDelegate.m */; };
		6F8FE0D71CDB3F250095BB18 /* ViewController.m in Sources */ = {isa = PBXBuildFile; fileRef = 6F8FE0D61CDB3F250095BB18 /* ViewController.m */; };
		6F8FE0DA1CDB3F250095BB18 /* Main.storyboard in Resources */ = {isa = PBXBuildFile; fileRef = 6F8FE0D81CDB3F250095BB18 /* Main.storyboard */; };
		6F8FE0DC1CDB3F250095BB18 /* Assets.xcassets in Resources */ = {isa = PBXBuildFile; fileRef = 6F8FE0DB1CDB3F250095BB18 /* Assets.xcassets */; };
		6F8FE0DF1CDB3F250095BB18 /* LaunchScreen.storyboard in Resources */ = {isa = PBXBuildFile; fileRef = 6F8FE0DD1CDB3F250095BB18 /* LaunchScreen.storyboard */; };
		6F8FE0E91CDB461E0095BB18 /* loveway.ttf in Resources */ = {isa = PBXBuildFile; fileRef = 6F8FE0E81CDB461E0095BB18 /* loveway.ttf */; };
		6F8FE0EB1CDB48CD0095BB18 /* Bauer Bodoni BT.ttf in Resources */ = {isa = PBXBuildFile; fileRef = 6F8FE0EA1CDB48CD0095BB18 /* Bauer Bodoni BT.ttf */; };
		6F8FE0EE1CDB571E0095BB18 /* MYLabel.m in Sources */ = {isa = PBXBuildFile; fileRef = 6F8FE0ED1CDB571E0095BB18 /* MYLabel.m */; };
		6F8FE0F11CDB5C620095BB18 /* UILabel+FontChange.m in Sources */ = {isa = PBXBuildFile; fileRef = 6F8FE0F01CDB5C620095BB18 /* UILabel+FontChange.m */; };
		6FD92DD41E8C00CF002C11BC /* Symbol.ttf in Resources */ = {isa = PBXBuildFile; fileRef = 6FD92DD31E8C00CF002C11BC /* Symbol.ttf */; };
		6FD92DD61E8C0140002C11BC /* Avenir Next.ttc in Resources */ = {isa = PBXBuildFile; fileRef = 6FD92DD51E8C0140002C11BC /* Avenir Next.ttc */; };
		6FD92DD81E8C0505002C11BC /* Americana Dreams Upright.ttf in Resources */ = {isa = PBXBuildFile; fileRef = 6FD92DD71E8C0505002C11BC /* Americana Dreams Upright.ttf */; };
/* End PBXBuildFile section */

/* Begin PBXFileReference section */
		6F8FE0CC1CDB3F250095BB18 /* 字体设置.app */ = {isa = PBXFileReference; explicitFileType = wrapper.application; includeInIndex = 0; path = "字体设置.app"; sourceTree = BUILT_PRODUCTS_DIR; };
		6F8FE0D01CDB3F250095BB18 /* main.m */ = {isa = PBXFileReference; lastKnownFileType = sourcecode.c.objc; path = main.m; sourceTree = "<group>"; };
		6F8FE0D21CDB3F250095BB18 /* AppDelegate.h */ = {isa = PBXFileReference; lastKnownFileType = sourcecode.c.h; path = AppDelegate.h; sourceTree = "<group>"; };
		6F8FE0D31CDB3F250095BB18 /* AppDelegate.m */ = {isa = PBXFileReference; lastKnownFileType = sourcecode.c.objc; path = AppDelegate.m; sourceTree = "<group>"; };
		6F8FE0D51CDB3F250095BB18 /* ViewController.h */ = {isa = PBXFileReference; lastKnownFileType = sourcecode.c.h; path = ViewController.h; sourceTree = "<group>"; };
		6F8FE0D61CDB3F250095BB18 /* ViewController.m */ = {isa = PBXFileReference; lastKnownFileType = sourcecode.c.objc; path = ViewController.m; sourceTree = "<group>"; };
		6F8FE0D91CDB3F250095BB18 /* Base */ = {isa = PBXFileReference; lastKnownFileType = file.storyboard; name = Base; path = Base.lproj/Main.storyboard; sourceTree = "<group>"; };
		6F8FE0DB1CDB3F250095BB18 /* Assets.xcassets */ = {isa = PBXFileReference; lastKnownFileType = folder.assetcatalog; path = Assets.xcassets; sourceTree = "<group>"; };
		6F8FE0DE1CDB3F250095BB18 /* Base */ = {isa = PBXFileReference; lastKnownFileType = file.storyboard; name = Base; path = Base.lproj/LaunchScreen.storyboard; sourceTree = "<group>"; };
		6F8FE0E01CDB3F250095BB18 /* Info.plist */ = {isa = PBXFileReference; lastKnownFileType = text.plist.xml; path = Info.plist; sourceTree = "<group>"; };
		6F8FE0E81CDB461E0095BB18 /* loveway.ttf */ = {isa = PBXFileReference; lastKnownFileType = file; path = loveway.ttf; sourceTree = "<group>"; };
		6F8FE0EA1CDB48CD0095BB18 /* Bauer Bodoni BT.ttf */ = {isa = PBXFileReference; lastKnownFileType = file; path = "Bauer Bodoni BT.ttf"; sourceTree = "<group>"; };
		6F8FE0EC1CDB571E0095BB18 /* MYLabel.h */ = {isa = PBXFileReference; fileEncoding = 4; lastKnownFileType = sourcecode.c.h; path = MYLabel.h; sourceTree = "<group>"; };
		6F8FE0ED1CDB571E0095BB18 /* MYLabel.m */ = {isa = PBXFileReference; fileEncoding = 4; lastKnownFileType = sourcecode.c.objc; path = MYLabel.m; sourceTree = "<group>"; };
		6F8FE0EF1CDB5C620095BB18 /* UILabel+FontChange.h */ = {isa = PBXFileReference; fileEncoding = 4; lastKnownFileType = sourcecode.c.h; path = "UILabel+FontChange.h"; sourceTree = "<group>"; };
		6F8FE0F01CDB5C620095BB18 /* UILabel+FontChange.m */ = {isa = PBXFileReference; fileEncoding = 4; lastKnownFileType = sourcecode.c.objc; path = "UILabel+FontChange.m"; sourceTree = "<group>"; };
		6FD92DD31E8C00CF002C11BC /* Symbol.ttf */ = {isa = PBXFileReference; lastKnownFileType = file; path = Symbol.ttf; sourceTree = "<group>"; };
		6FD92DD51E8C0140002C11BC /* Avenir Next.ttc */ = {isa = PBXFileReference; lastKnownFileType = file; path = "Avenir Next.ttc"; sourceTree = "<group>"; };
		6FD92DD71E8C0505002C11BC /* Americana Dreams Upright.ttf */ = {isa = PBXFileReference; lastKnownFileType = file; path = "Americana Dreams Upright.ttf"; sourceTree = "<group>"; };
/* End PBXFileReference section */

/* Begin PBXFrameworksBuildPhase section */
		6F8FE0C91CDB3F250095BB18 /* Frameworks */ = {
			isa = PBXFrameworksBuildPhase;
			buildActionMask = 2147483647;
			files = (
			);
			runOnlyForDeploymentPostprocessing = 0;
		};
/* End PBXFrameworksBuildPhase section */

/* Begin PBXGroup section */
		6F8FE0C31CDB3F250095BB18 = {
			isa = PBXGroup;
			children = (
				6F8FE0CE1CDB3F250095BB18 /* 字体设置 */,
				6F8FE0CD1CDB3F250095BB18 /* Products */,
			);
			sourceTree = "<group>";
		};
		6F8FE0CD1CDB3F250095BB18 /* Products */ = {
			isa = PBXGroup;
			children = (
				6F8FE0CC1CDB3F250095BB18 /* 字体设置.app */,
			);
			name = Products;
			sourceTree = "<group>";
		};
		6F8FE0CE1CDB3F250095BB18 /* 字体设置 */ = {
			isa = PBXGroup;
			children = (
				6FD92DD71E8C0505002C11BC /* Americana Dreams Upright.ttf */,
				6F8FE0EA1CDB48CD0095BB18 /* Bauer Bodoni BT.ttf */,
				6F8FE0E81CDB461E0095BB18 /* loveway.ttf */,
				6FD92DD51E8C0140002C11BC /* Avenir Next.ttc */,
				6FD92DD31E8C00CF002C11BC /* Symbol.ttf */,
				6F8FE0D21CDB3F250095BB18 /* AppDelegate.h */,
				6F8FE0D31CDB3F250095BB18 /* AppDelegate.m */,
				6F8FE0EF1CDB5C620095BB18 /* UILabel+FontChange.h */,
				6F8FE0F01CDB5C620095BB18 /* UILabel+FontChange.m */,
				6F8FE0EC1CDB571E0095BB18 /* MYLabel.h */,
				6F8FE0ED1CDB571E0095BB18 /* MYLabel.m */,
				6F8FE0D51CDB3F250095BB18 /* ViewController.h */,
				6F8FE0D61CDB3F250095BB18 /* ViewController.m */,
				6F8FE0D81CDB3F250095BB18 /* Main.storyboard */,
				6F8FE0DB1CDB3F250095BB18 /* Assets.xcassets */,
				6F8FE0DD1CDB3F250095BB18 /* LaunchScreen.storyboard */,
				6F8FE0E01CDB3F250095BB18 /* Info.plist */,
				6F8FE0CF1CDB3F250095BB18 /* Supporting Files */,
			);
			path = "字体设置";
			sourceTree = "<group>";
		};
		6F8FE0CF1CDB3F250095BB18 /* Supporting Files */ = {
			isa = PBXGroup;
			children = (
				6F8FE0D01CDB3F250095BB18 /* main.m */,
			);
			name = "Supporting Files";
			sourceTree = "<group>";
		};
/* End PBXGroup section */

/* Begin PBXNativeTarget section */
		6F8FE0CB1CDB3F250095BB18 /* 字体设置 */ = {
			isa = PBXNativeTarget;
			buildConfigurationList = 6F8FE0E31CDB3F250095BB18 /* Build configuration list for PBXNativeTarget "字体设置" */;
			buildPhases = (
				6F8FE0C81CDB3F250095BB18 /* Sources */,
				6F8FE0C91CDB3F250095BB18 /* Frameworks */,
				6F8FE0CA1CDB3F250095BB18 /* Resources */,
			);
			buildRules = (
			);
			dependencies = (
			);
			name = "字体设置";
			productName = "字体设置";
			productReference = 6F8FE0CC1CDB3F250095BB18 /* 字体设置.app */;
			productType = "com.apple.product-type.application";
		};
/* End PBXNativeTarget section */

/* Begin PBXProject section */
		6F8FE0C41CDB3F250095BB18 /* Project object */ = {
			isa = PBXProject;
			attributes = {
				LastUpgradeCheck = 0720;
				ORGANIZATIONNAME = it.cast.cn;
				TargetAttributes = {
					6F8FE0CB1CDB3F250095BB18 = {
						CreatedOnToolsVersion = 7.2.1;
						DevelopmentTeam = D25H4Q8W2D;
					};
				};
			};
			buildConfigurationList = 6F8FE0C71CDB3F250095BB18 /* Build configuration list for PBXProject "字体设置" */;
			compatibilityVersion = "Xcode 3.2";
			developmentRegion = English;
			hasScannedForEncodings = 0;
			knownRegions = (
				en,
				Base,
			);
			mainGroup = 6F8FE0C31CDB3F250095BB18;
			productRefGroup = 6F8FE0CD1CDB3F250095BB18 /* Products */;
			projectDirPath = "";
			projectRoot = "";
			targets = (
				6F8FE0CB1CDB3F250095BB18 /* 字体设置 */,
			);
		};
/* End PBXProject section */

/* Begin PBXResourcesBuildPhase section */
		6F8FE0CA1CDB3F250095BB18 /* Resources */ = {
			isa = PBXResourcesBuildPhase;
			buildActionMask = 2147483647;
			files = (
				6FD92DD81E8C0505002C11BC /* Americana Dreams Upright.ttf in Resources */,
				6FD92DD41E8C00CF002C11BC /* Symbol.ttf in Resources */,
				6F8FE0EB1CDB48CD0095BB18 /* Bauer Bodoni BT.ttf in Resources */,
				6F8FE0DF1CDB3F250095BB18 /* LaunchScreen.storyboard in Resources */,
				6FD92DD61E8C0140002C11BC /* Avenir Next.ttc in Resources */,
				6F8FE0E91CDB461E0095BB18 /* loveway.ttf in Resources */,
				6F8FE0DC1CDB3F250095BB18 /* Assets.xcassets in Resources */,
				6F8FE0DA1CDB3F250095BB18 /* Main.storyboard in Resources */,
			);
			runOnlyForDeploymentPostprocessing = 0;
		};
/* End PBXResourcesBuildPhase section */

/* Begin PBXSourcesBuildPhase section */
		6F8FE0C81CDB3F250095BB18 /* Sources */ = {
			isa = PBXSourcesBuildPhase;
			buildActionMask = 2147483647;
			files = (
				6F8FE0D71CDB3F250095BB18 /* ViewController.m in Sources */,
				6F8FE0D41CDB3F250095BB18 /* AppDelegate.m in Sources */,
				6F8FE0EE1CDB571E0095BB18 /* MYLabel.m in Sources */,
				6F8FE0F11CDB5C620095BB18 /* UILabel+FontChange.m in Sources */,
				6F8FE0D11CDB3F250095BB18 /* main.m in Sources */,
			);
			runOnlyForDeploymentPostprocessing = 0;
		};
/* End PBXSourcesBuildPhase section */

/* Begin PBXVariantGroup section */
		6F8FE0D81CDB3F250095BB18 /* Main.storyboard */ = {
			isa = PBXVariantGroup;
			children = (
				6F8FE0D91CDB3F250095BB18 /* Base */,
			);
			name = Main.storyboard;
			sourceTree = "<group>";
		};
		6F8FE0DD1CDB3F250095BB18 /* LaunchScreen.storyboard */ = {
			isa = PBXVariantGroup;
			children = (
				6F8FE0DE1CDB3F250095BB18 /* Base */,
			);
			name = LaunchScreen.storyboard;
			sourceTree = "<group>";
		};
/* End PBXVariantGroup section */

/* Begin XCBuildConfiguration section */
		6F8FE0E11CDB3F250095BB18 /* Debug */ = {
			isa = XCBuildConfiguration;
			buildSettings = {
				ALWAYS_SEARCH_USER_PATHS = NO;
				CLANG_CXX_LANGUAGE_STANDARD = "gnu++0x";
				CLANG_CXX_LIBRARY = "libc++";
				CLANG_ENABLE_MODULES = YES;
				CLANG_ENABLE_OBJC_ARC = YES;
				CLANG_WARN_BOOL_CONVERSION = YES;
				CLANG_WARN_CONSTANT_CONVERSION = YES;
				CLANG_WARN_DIRECT_OBJC_ISA_USAGE = YES_ERROR;
				CLANG_WARN_EMPTY_BODY = YES;
				CLANG_WARN_ENUM_CONVERSION = YES;
				CLANG_WARN_INT_CONVERSION = YES;
				CLANG_WARN_OBJC_ROOT_CLASS = YES_ERROR;
				CLANG_WARN_UNREACHABLE_CODE = YES;
				CLANG_WARN__DUPLICATE_METHOD_MATCH = YES;
				"CODE_SIGN_IDENTITY[sdk=iphoneos*]" = "iPhone Developer";
				COPY_PHASE_STRIP = NO;
				DEBUG_INFORMATION_FORMAT = dwarf;
				ENABLE_STRICT_OBJC_MSGSEND = YES;
				ENABLE_TESTABILITY = YES;
				GCC_C_LANGUAGE_STANDARD = gnu99;
				GCC_DYNAMIC_NO_PIC = NO;
				GCC_NO_COMMON_BLOCKS = YES;
				GCC_OPTIMIZATION_LEVEL = 0;
				GCC_PREPROCESSOR_DEFINITIONS = (
					"DEBUG=1",
					"$(inherited)",
				);
				GCC_WARN_64_TO_32_BIT_CONVERSION = YES;
				GCC_WARN_ABOUT_RETURN_TYPE = YES_ERROR;
				GCC_WARN_UNDECLARED_SELECTOR = YES;
				GCC_WARN_UNINITIALIZED_AUTOS = YES_AGGRESSIVE;
				GCC_WARN_UNUSED_FUNCTION = YES;
				GCC_WARN_UNUSED_VARIABLE = YES;
				IPHONEOS_DEPLOYMENT_TARGET = 9.2;
				MTL_ENABLE_DEBUG_INFO = YES;
				ONLY_ACTIVE_ARCH = YES;
				SDKROOT = iphoneos;
			};
			name = Debug;
		};
		6F8FE0E21CDB3F250095BB18 /* Release */ = {
			isa = XCBuildConfiguration;
			buildSettings = {
				ALWAYS_SEARCH_USER_PATHS = NO;
				CLANG_CXX_LANGUAGE_STANDARD = "gnu++0x";
				CLANG_CXX_LIBRARY = "libc++";
				CLANG_ENABLE_MODULES = YES;
				CLANG_ENABLE_OBJC_ARC = YES;
				CLANG_WARN_BOOL_CONVERSION = YES;
				CLANG_WARN_CONSTANT_CONVERSION = YES;
				CLANG_WARN_DIRECT_OBJC_ISA_USAGE = YES_ERROR;
				CLANG_WARN_EMPTY_BODY = YES;
				CLANG_WARN_ENUM_CONVERSION = YES;
				CLANG_WARN_INT_CONVERSION = YES;
				CLANG_WARN_OBJC_ROOT_CLASS = YES_ERROR;
				CLANG_WARN_UNREACHABLE_CODE = YES;
				CLANG_WARN__DUPLICATE_METHOD_MATCH = YES;
				"CODE_SIGN_IDENTITY[sdk=iphoneos*]" = "iPhone Developer";
				COPY_PHASE_STRIP = NO;
				DEBUG_INFORMATION_FORMAT = "dwarf-with-dsym";
				ENABLE_NS_ASSERTIONS = NO;
				ENABLE_STRICT_OBJC_MSGSEND = YES;
				GCC_C_LANGUAGE_STANDARD = gnu99;
				GCC_NO_COMMON_BLOCKS = YES;
				GCC_WARN_64_TO_32_BIT_CONVERSION = YES;
				GCC_WARN_ABOUT_RETURN_TYPE = YES_ERROR;
				GCC_WARN_UNDECLARED_SELECTOR = YES;
				GCC_WARN_UNINITIALIZED_AUTOS = YES_AGGRESSIVE;
				GCC_WARN_UNUSED_FUNCTION = YES;
				GCC_WARN_UNUSED_VARIABLE = YES;
				IPHONEOS_DEPLOYMENT_TARGET = 9.2;
				MTL_ENABLE_DEBUG_INFO = NO;
				SDKROOT = iphoneos;
				VALIDATE_PRODUCT = YES;
			};
			name = Release;
		};
		6F8FE0E41CDB3F250095BB18 /* Debug */ = {
			isa = XCBuildConfiguration;
			buildSettings = {
				ASSETCATALOG_COMPILER_APPICON_NAME = AppIcon;
				INFOPLIST_FILE = "字体设置/Info.plist";
				LD_RUNPATH_SEARCH_PATHS = "$(inherited) @executable_path/Frameworks";
				PRODUCT_BUNDLE_IDENTIFIER = "cn.cast.ios.----";
				PRODUCT_NAME = "$(TARGET_NAME)";
			};
			name = Debug;
		};
		6F8FE0E51CDB3F250095BB18 /* Release */ = {
			isa = XCBuildConfiguration;
			buildSettings = {
				ASSETCATALOG_COMPILER_APPICON_NAME = AppIcon;
				INFOPLIST_FILE = "字体设置/Info.plist";
				LD_RUNPATH_SEARCH_PATHS = "$(inherited) @executable_path/Frameworks";
				PRODUCT_BUNDLE_IDENTIFIER = "cn.cast.ios.----";
				PRODUCT_NAME = "$(TARGET_NAME)";
			};
			name = Release;
		};
/* End XCBuildConfiguration section */

/* Begin XCConfigurationList section */
		6F8FE0C71CDB3F250095BB18 /* Build configuration list for PBXProject "字体设置" */ = {
			isa = XCConfigurationList;
			buildConfigurations = (
				6F8FE0E11CDB3F250095BB18 /* Debug */,
				6F8FE0E21CDB3F250095BB18 /* Release */,
			);
			defaultConfigurationIsVisible = 0;
			defaultConfigurationName = Release;
		};
		6F8FE0E31CDB3F250095BB18 /* Build configuration list for PBXNativeTarget "字体设置" */ = {
			isa = XCConfigurationList;
			buildConfigurations = (
				6F8FE0E41CDB3F250095BB18 /* Debug */,
				6F8FE0E51CDB3F250095BB18 /* Release */,
			);
			defaultConfigurationIsVisible = 0;
			defaultConfigurationName = Release;
		};
/* End XCConfigurationList section */
	};
	rootObject = 6F8FE0C41CDB3F250095BB18 /* Project object */;
}
